// !$*UTF8*$!
{
	archiveVersion = 1;
	classes = {
	};
	objectVersion = 46;
	objects = {

/* Begin PBXBuildFile section */
		3FA5ECA31DB9857100C89AE1 /* AppDelegate.swift in Sources */ = {isa = PBXBuildFile; fileRef = 3FA5ECA21DB9857100C89AE1 /* AppDelegate.swift */; };
		3FA5ECA51DB9857100C89AE1 /* BPMViewController.swift in Sources */ = {isa = PBXBuildFile; fileRef = 3FA5ECA41DB9857100C89AE1 /* BPMViewController.swift */; };
		3FA5ECA81DB9857100C89AE1 /* Main.storyboard in Resources */ = {isa = PBXBuildFile; fileRef = 3FA5ECA61DB9857100C89AE1 /* Main.storyboard */; };
		3FA5ECAA1DB9857100C89AE1 /* Assets.xcassets in Resources */ = {isa = PBXBuildFile; fileRef = 3FA5ECA91DB9857100C89AE1 /* Assets.xcassets */; };
		3FA5ECAD1DB9857100C89AE1 /* LaunchScreen.storyboard in Resources */ = {isa = PBXBuildFile; fileRef = 3FA5ECAB1DB9857100C89AE1 /* LaunchScreen.storyboard */; };
/* End PBXBuildFile section */

/* Begin PBXFileReference section */
		3FA5EC9F1DB9857100C89AE1 /* BPM.app */ = {isa = PBXFileReference; explicitFileType = wrapper.application; includeInIndex = 0; path = BPM.app; sourceTree = BUILT_PRODUCTS_DIR; };
		3FA5ECA21DB9857100C89AE1 /* AppDelegate.swift */ = {isa = PBXFileReference; lastKnownFileType = sourcecode.swift; path = AppDelegate.swift; sourceTree = "<group>"; };
		3FA5ECA41DB9857100C89AE1 /* BPMViewController.swift */ = {isa = PBXFileReference; lastKnownFileType = sourcecode.swift; path = BPMViewController.swift; sourceTree = "<group>"; };
		3FA5ECA71DB9857100C89AE1 /* Base */ = {isa = PBXFileReference; lastKnownFileType = file.storyboard; name = Base; path = Base.lproj/Main.storyboard; sourceTree = "<group>"; };
		3FA5ECA91DB9857100C89AE1 /* Assets.xcassets */ = {isa = PBXFileReference; lastKnownFileType = folder.assetcatalog; path = Assets.xcassets; sourceTree = "<group>"; };
		3FA5ECAC1DB9857100C89AE1 /* Base */ = {isa = PBXFileReference; lastKnownFileType = file.storyboard; name = Base; path = Base.lproj/LaunchScreen.storyboard; sourceTree = "<group>"; };
		3FA5ECAE1DB9857100C89AE1 /* Info.plist */ = {isa = PBXFileReference; lastKnownFileType = text.plist.xml; path = Info.plist; sourceTree = "<group>"; };
/* End PBXFileReference section */

/* Begin PBXFrameworksBuildPhase section */
		3FA5EC9C1DB9857100C89AE1 /* Frameworks */ = {
			isa = PBXFrameworksBuildPhase;
			buildActionMask = 2147483647;
			files = (
			);
			runOnlyForDeploymentPostprocessing = 0;
		};
/* End PBXFrameworksBuildPhase section */

/* Begin PBXGroup section */
		3FA5EC961DB9857100C89AE1 = {
			isa = PBXGroup;
			children = (
				3FA5ECA11DB9857100C89AE1 /* BPM */,
				3FA5ECA01DB9857100C89AE1 /* Products */,
			);
			sourceTree = "<group>";
		};
		3FA5ECA01DB9857100C89AE1 /* Products */ = {
			isa = PBXGroup;
			children = (
				3FA5EC9F1DB9857100C89AE1 /* BPM.app */,
			);
			name = Products;
			sourceTree = "<group>";
		};
		3FA5ECA11DB9857100C89AE1 /* BPM */ = {
			isa = PBXGroup;
			children = (
				3FA5ECA21DB9857100C89AE1 /* AppDelegate.swift */,
				3FA5ECA41DB9857100C89AE1 /* BPMViewController.swift */,
				3FA5ECA61DB9857100C89AE1 /* Main.storyboard */,
				3FA5ECA91DB9857100C89AE1 /* Assets.xcassets */,
				3FA5ECAB1DB9857100C89AE1 /* LaunchScreen.storyboard */,
				3FA5ECAE1DB9857100C89AE1 /* Info.plist */,
			);
			path = BPM;
			sourceTree = "<group>";
		};
/* End PBXGroup section */

/* Begin PBXNativeTarget section */
		3FA5EC9E1DB9857100C89AE1 /* BPM */ = {
			isa = PBXNativeTarget;
			buildConfigurationList = 3FA5ECB11DB9857100C89AE1 /* Build configuration list for PBXNativeTarget "BPM" */;
			buildPhases = (
				3FA5EC9B1DB9857100C89AE1 /* Sources */,
				3FA5EC9C1DB9857100C89AE1 /* Frameworks */,
				3FA5EC9D1DB9857100C89AE1 /* Resources */,
			);
			buildRules = (
			);
			dependencies = (
			);
			name = BPM;
			productName = BPM;
			productReference = 3FA5EC9F1DB9857100C89AE1 /* BPM.app */;
			productType = "com.apple.product-type.application";
		};
/* End PBXNativeTarget section */

/* Begin PBXProject section */
		3FA5EC971DB9857100C89AE1 /* Project object */ = {
			isa = PBXProject;
			attributes = {
				LastSwiftUpdateCheck = 0800;
				LastUpgradeCheck = 0800;
				ORGANIZATIONNAME = "Luke Newman";
				TargetAttributes = {
					3FA5EC9E1DB9857100C89AE1 = {
						CreatedOnToolsVersion = 8.0;
						DevelopmentTeam = F44U4HRKUQ;
						ProvisioningStyle = Automatic;
					};
				};
			};
			buildConfigurationList = 3FA5EC9A1DB9857100C89AE1 /* Build configuration list for PBXProject "BPM" */;
			compatibilityVersion = "Xcode 3.2";
			developmentRegion = English;
			hasScannedForEncodings = 0;
			knownRegions = (
				en,
				Base,
			);
			mainGroup = 3FA5EC961DB9857100C89AE1;
			productRefGroup = 3FA5ECA01DB9857100C89AE1 /* Products */;
			projectDirPath = "";
			projectRoot = "";
			targets = (
				3FA5EC9E1DB9857100C89AE1 /* BPM */,
			);
		};
/* End PBXProject section */

/* Begin PBXResourcesBuildPhase section */
		3FA5EC9D1DB9857100C89AE1 /* Resources */ = {
			isa = PBXResourcesBuildPhase;
			buildActionMask = 2147483647;
			files = (
				3FA5ECAD1DB9857100C89AE1 /* LaunchScreen.storyboard in Resources */,
				3FA5ECAA1DB9857100C89AE1 /* Assets.xcassets in Resources */,
				3FA5ECA81DB9857100C89AE1 /* Main.storyboard in Resources */,
			);
			runOnlyForDeploymentPostprocessing = 0;
		};
/* End PBXResourcesBuildPhase section */

/* Begin PBXSourcesBuildPhase section */
		3FA5EC9B1DB9857100C89AE1 /* Sources */ = {
			isa = PBXSourcesBuildPhase;
			buildActionMask = 2147483647;
			files = (
				3FA5ECA51DB9857100C89AE1 /* BPMViewController.swift in Sources */,
				3FA5ECA31DB9857100C89AE1 /* AppDelegate.swift in Sources */,
			);
			runOnlyForDeploymentPostprocessing = 0;
		};
/* End PBXSourcesBuildPhase section */

/* Begin PBXVariantGroup section */
		3FA5ECA61DB9857100C89AE1 /* Main.storyboard */ = {
			isa = PBXVariantGroup;
			children = (
				3FA5ECA71DB9857100C89AE1 /* Base */,
			);
			name = Main.storyboard;
			sourceTree = "<group>";
		};
		3FA5ECAB1DB9857100C89AE1 /* LaunchScreen.storyboard */ = {
			isa = PBXVariantGroup;
			children = (
				3FA5ECAC1DB9857100C89AE1 /* Base */,
			);
			name = LaunchScreen.storyboard;
			sourceTree = "<group>";
		};
/* End PBXVariantGroup section */

/* Begin XCBuildConfiguration section */
		3FA5ECAF1DB9857100C89AE1 /* Debug */ = {
			isa = XCBuildConfiguration;
			buildSettings = {
				ALWAYS_SEARCH_USER_PATHS = NO;
				CLANG_ANALYZER_NONNULL = YES;
				CLANG_CXX_LANGUAGE_STANDARD = "gnu++0x";
				CLANG_CXX_LIBRARY = "libc++";
				CLANG_ENABLE_MODULES = YES;
				CLANG_ENABLE_OBJC_ARC = YES;
				CLANG_WARN_BOOL_CONVERSION = YES;
				CLANG_WARN_CONSTANT_CONVERSION = YES;
				CLANG_WARN_DIRECT_OBJC_ISA_USAGE = YES_ERROR;
				CLANG_WARN_DOCUMENTATION_COMMENTS = YES;
				CLANG_WARN_EMPTY_BODY = YES;
				CLANG_WARN_ENUM_CONVERSION = YES;
				CLANG_WARN_INFINITE_RECURSION = YES;
				CLANG_WARN_INT_CONVERSION = YES;
				CLANG_WARN_OBJC_ROOT_CLASS = YES_ERROR;
				CLANG_WARN_SUSPICIOUS_MOVES = YES;
				CLANG_WARN_UNREACHABLE_CODE = YES;
				CLANG_WARN__DUPLICATE_METHOD_MATCH = YES;
				"CODE_SIGN_IDENTITY[sdk=iphoneos*]" = "iPhone Developer";
				COPY_PHASE_STRIP = NO;
				DEBUG_INFORMATION_FORMAT = dwarf;
				ENABLE_STRICT_OBJC_MSGSEND = YES;
				ENABLE_TESTABILITY = YES;
				GCC_C_LANGUAGE_STANDARD = gnu99;
				GCC_DYNAMIC_NO_PIC = NO;
				GCC_NO_COMMON_BLOCKS = YES;
				GCC_OPTIMIZATION_LEVEL = 0;
				GCC_PREPROCESSOR_DEFINITIONS = (
					"DEBUG=1",
					"$(inherited)",
				);
				GCC_WARN_64_TO_32_BIT_CONVERSION = YES;
				GCC_WARN_ABOUT_RETURN_TYPE = YES_ERROR;
				GCC_WARN_UNDECLARED_SELECTOR = YES;
				GCC_WARN_UNINITIALIZED_AUTOS = YES_AGGRESSIVE;
				GCC_WARN_UNUSED_FUNCTION = YES;
				GCC_WARN_UNUSED_VARIABLE = YES;
				IPHONEOS_DEPLOYMENT_TARGET = 10.0;
				MTL_ENABLE_DEBUG_INFO = YES;
				ONLY_ACTIVE_ARCH = YES;
				SDKROOT = iphoneos;
				SWIFT_ACTIVE_COMPILATION_CONDITIONS = DEBUG;
				SWIFT_OPTIMIZATION_LEVEL = "-Onone";
			};
			name = Debug;
		};
		3FA5ECB01DB9857100C89AE1 /* Release */ = {
			isa = XCBuildConfiguration;
			buildSettings = {
				ALWAYS_SEARCH_USER_PATHS = NO;
				CLANG_ANALYZER_NONNULL = YES;
				CLANG_CXX_LANGUAGE_STANDARD = "gnu++0x";
				CLANG_CXX_LIBRARY = "libc++";
				CLANG_ENABLE_MODULES = YES;
				CLANG_ENABLE_OBJC_ARC = YES;
				CLANG_WARN_BOOL_CONVERSION = YES;
				CLANG_WARN_CONSTANT_CONVERSION = YES;
				CLANG_WARN_DIRECT_OBJC_ISA_USAGE = YES_ERROR;
				CLANG_WARN_DOCUMENTATION_COMMENTS = YES;
				CLANG_WARN_EMPTY_BODY = YES;
				CLANG_WARN_ENUM_CONVERSION = YES;
				CLANG_WARN_INFINITE_RECURSION = YES;
				CLANG_WARN_INT_CONVERSION = YES;
				CLANG_WARN_OBJC_ROOT_CLASS = YES_ERROR;
				CLANG_WARN_SUSPICIOUS_MOVES = YES;
				CLANG_WARN_UNREACHABLE_CODE = YES;
				CLANG_WARN__DUPLICATE_METHOD_MATCH = YES;
				"CODE_SIGN_IDENTITY[sdk=iphoneos*]" = "iPhone Developer";
				COPY_PHASE_STRIP = NO;
				DEBUG_INFORMATION_FORMAT = "dwarf-with-dsym";
				ENABLE_NS_ASSERTIONS = NO;
				ENABLE_STRICT_OBJC_MSGSEND = YES;
				GCC_C_LANGUAGE_STANDARD = gnu99;
				GCC_NO_COMMON_BLOCKS = YES;
				GCC_WARN_64_TO_32_BIT_CONVERSION = YES;
				GCC_WARN_ABOUT_RETURN_TYPE = YES_ERROR;
				GCC_WARN_UNDECLARED_SELECTOR = YES;
				GCC_WARN_UNINITIALIZED_AUTOS = YES_AGGRESSIVE;
				GCC_WARN_UNUSED_FUNCTION = YES;
				GCC_WARN_UNUSED_VARIABLE = YES;
				IPHONEOS_DEPLOYMENT_TARGET = 10.0;
				MTL_ENABLE_DEBUG_INFO = NO;
				SDKROOT = iphoneos;
				SWIFT_OPTIMIZATION_LEVEL = "-Owholemodule";
				VALIDATE_PRODUCT = YES;
			};
			name = Release;
		};
		3FA5ECB21DB9857100C89AE1 /* Debug */ = {
			isa = XCBuildConfiguration;
			buildSettings = {
				ASSETCATALOG_COMPILER_APPICON_NAME = AppIcon;
				DEVELOPMENT_TEAM = F44U4HRKUQ;
				INFOPLIST_FILE = BPM/Info.plist;
				LD_RUNPATH_SEARCH_PATHS = "$(inherited) @executable_path/Frameworks";
				PRODUCT_BUNDLE_IDENTIFIER = com.lukenewman.BPM;
				PRODUCT_NAME = "$(TARGET_NAME)";
				SWIFT_VERSION = 3.0;
			};
			name = Debug;
		};
		3FA5ECB31DB9857100C89AE1 /* Release */ = {
			isa = XCBuildConfiguration;
			buildSettings = {
				ASSETCATALOG_COMPILER_APPICON_NAME = AppIcon;
				DEVELOPMENT_TEAM = F44U4HRKUQ;
				INFOPLIST_FILE = BPM/Info.plist;
				LD_RUNPATH_SEARCH_PATHS = "$(inherited) @executable_path/Frameworks";
				PRODUCT_BUNDLE_IDENTIFIER = com.lukenewman.BPM;
				PRODUCT_NAME = "$(TARGET_NAME)";
				SWIFT_VERSION = 3.0;
			};
			name = Release;
		};
/* End XCBuildConfiguration section */

/* Begin XCConfigurationList section */
		3FA5EC9A1DB9857100C89AE1 /* Build configuration list for PBXProject "BPM" */ = {
			isa = XCConfigurationList;
			buildConfigurations = (
				3FA5ECAF1DB9857100C89AE1 /* Debug */,
				3FA5ECB01DB9857100C89AE1 /* Release */,
			);
			defaultConfigurationIsVisible = 0;
			defaultConfigurationName = Release;
		};
		3FA5ECB11DB9857100C89AE1 /* Build configuration list for PBXNativeTarget "BPM" */ = {
			isa = XCConfigurationList;
			buildConfigurations = (
				3FA5ECB21DB9857100C89AE1 /* Debug */,
				3FA5ECB31DB9857100C89AE1 /* Release */,
			);
			defaultConfigurationIsVisible = 0;
			defaultConfigurationName = Release;
		};
/* End XCConfigurationList section */
	};
	rootObject = 3FA5EC971DB9857100C89AE1 /* Project object */;
}
